
Microsoft Visual Studio Solution File, Format Version 12.00
# Visual Studio Version 17
VisualStudioVersion = 17.7.34031.279
MinimumVisualStudioVersion = 10.0.40219.1
Project("{FAE04EC0-301F-11D3-BF4B-00C04F79EFBC}") = "AtividadeFormulario", "AtividadeFormulario\AtividadeFormulario.csproj", "{53475C48-751D-4EDC-821C-8FC7F967FA48}"
EndProject
Global
	GlobalSection(SolutionConfigurationPlatforms) = preSolution
		Debug|Any CPU = Debug|Any CPU
		Release|Any CPU = Release|Any CPU
	EndGlobalSection
	GlobalSection(ProjectConfigurationPlatforms) = postSolution
		{53475C48-751D-4EDC-821C-8FC7F967FA48}.Debug|Any CPU.ActiveCfg = Debug|Any CPU
		{53475C48-751D-4EDC-821C-8FC7F967FA48}.Debug|Any CPU.Build.0 = Debug|Any CPU
		{53475C48-751D-4EDC-821C-8FC7F967FA48}.Release|Any CPU.ActiveCfg = Release|Any CPU
		{53475C48-751D-4EDC-821C-8FC7F967FA48}.Release|Any CPU.Build.0 = Release|Any CPU
	EndGlobalSection
	GlobalSection(SolutionProperties) = preSolution
		HideSolutionNode = FALSE
	EndGlobalSection
	GlobalSection(ExtensibilityGlobals) = postSolution
		SolutionGuid = {E0CBC93D-E3AE-416A-ABD6-6F89D5E5F02F}
	EndGlobalSection
EndGlobal
